
Microsoft Visual Studio Solution File, Format Version 12.00
# Visual Studio Version 16
VisualStudioVersion = 16.0.30204.135
MinimumVisualStudioVersion = 10.0.40219.1
Project("{FAE04EC0-301F-11D3-BF4B-00C04F79EFBC}") = "ToDoList", "ToDoList\ToDoList.csproj", "{66E355C4-5010-4CD7-AD16-56DDB77B60AE}"
EndProject
Global
	GlobalSection(SolutionConfigurationPlatforms) = preSolution
		Debug|Any CPU = Debug|Any CPU
		Release|Any CPU = Release|Any CPU
	EndGlobalSection
	GlobalSection(ProjectConfigurationPlatforms) = postSolution
		{66E355C4-5010-4CD7-AD16-56DDB77B60AE}.Debug|Any CPU.ActiveCfg = Debug|Any CPU
		{66E355C4-5010-4CD7-AD16-56DDB77B60AE}.Debug|Any CPU.Build.0 = Debug|Any CPU
		{66E355C4-5010-4CD7-AD16-56DDB77B60AE}.Release|Any CPU.ActiveCfg = Release|Any CPU
		{66E355C4-5010-4CD7-AD16-56DDB77B60AE}.Release|Any CPU.Build.0 = Release|Any CPU
	EndGlobalSection
	GlobalSection(SolutionProperties) = preSolution
		HideSolutionNode = FALSE
	EndGlobalSection
	GlobalSection(ExtensibilityGlobals) = postSolution
		SolutionGuid = {2504DC41-7363-4268-9C6B-53E41EEC0738}
	EndGlobalSection
EndGlobal
